
Microsoft Visual Studio Solution File, Format Version 12.00
# Visual Studio 15
VisualStudioVersion = 15.0.27703.2026
MinimumVisualStudioVersion = 10.0.40219.1
Project("{FAE04EC0-301F-11D3-BF4B-00C04F79EFBC}") = "BlazorUtilsWebApp", "BlazorUtilsWebApp\BlazorUtilsWebApp.csproj", "{E89B4579-5284-4435-A5BD-E26CC9DED501}"
EndProject
Global
	GlobalSection(SolutionConfigurationPlatforms) = preSolution
		Debug|Any CPU = Debug|Any CPU
		Release|Any CPU = Release|Any CPU
	EndGlobalSection
	GlobalSection(ProjectConfigurationPlatforms) = postSolution
		{E89B4579-5284-4435-A5BD-E26CC9DED501}.Debug|Any CPU.ActiveCfg = Debug|Any CPU
		{E89B4579-5284-4435-A5BD-E26CC9DED501}.Debug|Any CPU.Build.0 = Debug|Any CPU
		{E89B4579-5284-4435-A5BD-E26CC9DED501}.Release|Any CPU.ActiveCfg = Release|Any CPU
		{E89B4579-5284-4435-A5BD-E26CC9DED501}.Release|Any CPU.Build.0 = Release|Any CPU
	EndGlobalSection
	GlobalSection(SolutionProperties) = preSolution
		HideSolutionNode = FALSE
	EndGlobalSection
	GlobalSection(ExtensibilityGlobals) = postSolution
		SolutionGuid = {953F167E-932E-4E39-BF77-2E7F4B3E36A3}
	EndGlobalSection
EndGlobal
